{
  "nodes": {
    "flakeNimbleLib": {
      "inputs": {
        "nixpkgs": [
          "nixpkgs"
        ]
      },
      "locked": {
        "lastModified": 1662018438,
        "narHash": "sha256-QtNtU6+LX3Wokxf0zlFwKTFOcn6TeDjKQZ+DA9OYtvM=",
        "owner": "riinr",
        "repo": "nim-flakes-lib",
        "rev": "b1fe8340736e3a85d25c709ac3dfd82a55c03cbf",
        "type": "github"
      },
      "original": {
        "owner": "riinr",
        "ref": "master",
        "repo": "nim-flakes-lib",
        "type": "github"
      }
    },
    "nixpkgs": {
      "locked": {
        "lastModified": 1667199707,
        "narHash": "sha256-I2Js3Y7gUyVSEXPULHlBoRek4Lh85vnevdS6mdvDNLI=",
        "owner": "NixOS",
        "repo": "nixpkgs",
        "rev": "ced197be72099edcfa68ebed8b87af7b04851f45",
        "type": "github"
      },
      "original": {
        "id": "nixpkgs",
        "type": "indirect"
      }
    },
    "root": {
      "inputs": {
        "flakeNimbleLib": "flakeNimbleLib",
        "nixpkgs": "nixpkgs",
        "src-ansiparse-master": "src-ansiparse-master"
      }
    },
    "src-ansiparse-master": {
      "flake": false,
      "locked": {
        "lastModified": 1599046094,
        "narHash": "sha256-jdA1RLmLR5BKLlXbF5wk72QkFqsTX9XuhefF63R2Ccg=",
        "owner": "PMunch",
        "repo": "ansiparse",
        "rev": "8bddf513441ecf454026038c5b2ae1f42732c6d5",
        "type": "github"
      },
      "original": {
        "owner": "PMunch",
        "ref": "refs/heads/master",
        "repo": "ansiparse",
        "type": "github"
      }
    }
  },
  "root": "root",
  "version": 7
}
